// !$*UTF8*$!
{
	archiveVersion = 1;
	classes = {
	};
	objectVersion = 55;
	objects = {

/* Begin PBXBuildFile section */
		C55911A629362633006587DD /* MainTabView.swift in Sources */ = {isa = PBXBuildFile; fileRef = C55911A529362633006587DD /* MainTabView.swift */; };
		C5C3590F293605E5000EE401 /* Twitter_SwiftUI_FirebaseApp.swift in Sources */ = {isa = PBXBuildFile; fileRef = C5C3590E293605E5000EE401 /* Twitter_SwiftUI_FirebaseApp.swift */; };
		C5C35911293605E5000EE401 /* ContentView.swift in Sources */ = {isa = PBXBuildFile; fileRef = C5C35910293605E5000EE401 /* ContentView.swift */; };
		C5C35913293605E7000EE401 /* Assets.xcassets in Resources */ = {isa = PBXBuildFile; fileRef = C5C35912293605E7000EE401 /* Assets.xcassets */; };
		C5C35916293605E7000EE401 /* Preview Assets.xcassets in Resources */ = {isa = PBXBuildFile; fileRef = C5C35915293605E7000EE401 /* Preview Assets.xcassets */; };
		C5C35926293607B5000EE401 /* FeedView.swift in Sources */ = {isa = PBXBuildFile; fileRef = C5C35925293607B5000EE401 /* FeedView.swift */; };
		C5C3592929360908000EE401 /* TweetRowView.swift in Sources */ = {isa = PBXBuildFile; fileRef = C5C3592829360908000EE401 /* TweetRowView.swift */; };
		C5F0F5BC29362833001B8ABF /* ExploreView.swift in Sources */ = {isa = PBXBuildFile; fileRef = C5F0F5BB29362833001B8ABF /* ExploreView.swift */; };
		C5F0F5BE29362844001B8ABF /* NotificationsView.swift in Sources */ = {isa = PBXBuildFile; fileRef = C5F0F5BD29362844001B8ABF /* NotificationsView.swift */; };
		C5F0F5C0293628EC001B8ABF /* MessagesView.swift in Sources */ = {isa = PBXBuildFile; fileRef = C5F0F5BF293628EC001B8ABF /* MessagesView.swift */; };
		C5F0F5C42937314F001B8ABF /* ProfileView.swift in Sources */ = {isa = PBXBuildFile; fileRef = C5F0F5C32937314E001B8ABF /* ProfileView.swift */; };
		C5F0F5C629374E5F001B8ABF /* TweetFilterViewModel.swift in Sources */ = {isa = PBXBuildFile; fileRef = C5F0F5C529374E5F001B8ABF /* TweetFilterViewModel.swift */; };
/* End PBXBuildFile section */

/* Begin PBXFileReference section */
		C55911A529362633006587DD /* MainTabView.swift */ = {isa = PBXFileReference; lastKnownFileType = sourcecode.swift; path = MainTabView.swift; sourceTree = "<group>"; };
		C5C3590B293605E5000EE401 /* Twitter-SwiftUI-Firebase.app */ = {isa = PBXFileReference; explicitFileType = wrapper.application; includeInIndex = 0; path = "Twitter-SwiftUI-Firebase.app"; sourceTree = BUILT_PRODUCTS_DIR; };
		C5C3590E293605E5000EE401 /* Twitter_SwiftUI_FirebaseApp.swift */ = {isa = PBXFileReference; lastKnownFileType = sourcecode.swift; path = Twitter_SwiftUI_FirebaseApp.swift; sourceTree = "<group>"; };
		C5C35910293605E5000EE401 /* ContentView.swift */ = {isa = PBXFileReference; lastKnownFileType = sourcecode.swift; path = ContentView.swift; sourceTree = "<group>"; };
		C5C35912293605E7000EE401 /* Assets.xcassets */ = {isa = PBXFileReference; lastKnownFileType = folder.assetcatalog; path = Assets.xcassets; sourceTree = "<group>"; };
		C5C35915293605E7000EE401 /* Preview Assets.xcassets */ = {isa = PBXFileReference; lastKnownFileType = folder.assetcatalog; path = "Preview Assets.xcassets"; sourceTree = "<group>"; };
		C5C35925293607B5000EE401 /* FeedView.swift */ = {isa = PBXFileReference; lastKnownFileType = sourcecode.swift; path = FeedView.swift; sourceTree = "<group>"; };
		C5C3592829360908000EE401 /* TweetRowView.swift */ = {isa = PBXFileReference; lastKnownFileType = sourcecode.swift; path = TweetRowView.swift; sourceTree = "<group>"; };
		C5F0F5BB29362833001B8ABF /* ExploreView.swift */ = {isa = PBXFileReference; lastKnownFileType = sourcecode.swift; path = ExploreView.swift; sourceTree = "<group>"; };
		C5F0F5BD29362844001B8ABF /* NotificationsView.swift */ = {isa = PBXFileReference; lastKnownFileType = sourcecode.swift; path = NotificationsView.swift; sourceTree = "<group>"; };
		C5F0F5BF293628EC001B8ABF /* MessagesView.swift */ = {isa = PBXFileReference; lastKnownFileType = sourcecode.swift; path = MessagesView.swift; sourceTree = "<group>"; };
		C5F0F5C32937314E001B8ABF /* ProfileView.swift */ = {isa = PBXFileReference; lastKnownFileType = sourcecode.swift; path = ProfileView.swift; sourceTree = "<group>"; };
		C5F0F5C529374E5F001B8ABF /* TweetFilterViewModel.swift */ = {isa = PBXFileReference; lastKnownFileType = sourcecode.swift; path = TweetFilterViewModel.swift; sourceTree = "<group>"; };
/* End PBXFileReference section */

/* Begin PBXFrameworksBuildPhase section */
		C5C35908293605E5000EE401 /* Frameworks */ = {
			isa = PBXFrameworksBuildPhase;
			buildActionMask = 2147483647;
			files = (
			);
			runOnlyForDeploymentPostprocessing = 0;
		};
/* End PBXFrameworksBuildPhase section */

/* Begin PBXGroup section */
		C55911A429362577006587DD /* MainTab */ = {
			isa = PBXGroup;
			children = (
				C55911A529362633006587DD /* MainTabView.swift */,
			);
			path = MainTab;
			sourceTree = "<group>";
		};
		C5C35902293605E5000EE401 = {
			isa = PBXGroup;
			children = (
				C5C3590D293605E5000EE401 /* Twitter-SwiftUI-Firebase */,
				C5C3590C293605E5000EE401 /* Products */,
			);
			sourceTree = "<group>";
		};
		C5C3590C293605E5000EE401 /* Products */ = {
			isa = PBXGroup;
			children = (
				C5C3590B293605E5000EE401 /* Twitter-SwiftUI-Firebase.app */,
			);
			name = Products;
			sourceTree = "<group>";
		};
		C5C3590D293605E5000EE401 /* Twitter-SwiftUI-Firebase */ = {
			isa = PBXGroup;
			children = (
				C5C35920293606BC000EE401 /* Extensions */,
				C5C3591F293606BB000EE401 /* Model */,
				C5C3591E293606B9000EE401 /* Service */,
				C5C3591C293606B0000EE401 /* Core */,
				C5C3590E293605E5000EE401 /* Twitter_SwiftUI_FirebaseApp.swift */,
				C5C35910293605E5000EE401 /* ContentView.swift */,
				C5C35912293605E7000EE401 /* Assets.xcassets */,
				C5C35914293605E7000EE401 /* Preview Content */,
			);
			path = "Twitter-SwiftUI-Firebase";
			sourceTree = "<group>";
		};
		C5C35914293605E7000EE401 /* Preview Content */ = {
			isa = PBXGroup;
			children = (
				C5C35915293605E7000EE401 /* Preview Assets.xcassets */,
			);
			path = "Preview Content";
			sourceTree = "<group>";
		};
		C5C3591C293606B0000EE401 /* Core */ = {
			isa = PBXGroup;
			children = (
				C5C3592129360716000EE401 /* Components */,
				C55911A429362577006587DD /* MainTab */,
				C5F0F5B8293627C0001B8ABF /* Profile */,
				C5C359222936071B000EE401 /* Feed */,
				C5F0F5B7293627BE001B8ABF /* Explore */,
				C5F0F5B5293627B7001B8ABF /* Notifications */,
				C5F0F5BA293627F4001B8ABF /* Messages */,
			);
			path = Core;
			sourceTree = "<group>";
		};
		C5C3591E293606B9000EE401 /* Service */ = {
			isa = PBXGroup;
			children = (
			);
			path = Service;
			sourceTree = "<group>";
		};
		C5C3591F293606BB000EE401 /* Model */ = {
			isa = PBXGroup;
			children = (
			);
			path = Model;
			sourceTree = "<group>";
		};
		C5C35920293606BC000EE401 /* Extensions */ = {
			isa = PBXGroup;
			children = (
			);
			path = Extensions;
			sourceTree = "<group>";
		};
		C5C3592129360716000EE401 /* Components */ = {
			isa = PBXGroup;
			children = (
				C5C3592729360877000EE401 /* Tweets */,
			);
			path = Components;
			sourceTree = "<group>";
		};
		C5C359222936071B000EE401 /* Feed */ = {
			isa = PBXGroup;
			children = (
				C5C359232936077A000EE401 /* ViewModels */,
				C5C3592429360780000EE401 /* View */,
			);
			path = Feed;
			sourceTree = "<group>";
		};
		C5C359232936077A000EE401 /* ViewModels */ = {
			isa = PBXGroup;
			children = (
			);
			path = ViewModels;
			sourceTree = "<group>";
		};
		C5C3592429360780000EE401 /* View */ = {
			isa = PBXGroup;
			children = (
				C5C35925293607B5000EE401 /* FeedView.swift */,
			);
			path = View;
			sourceTree = "<group>";
		};
		C5C3592729360877000EE401 /* Tweets */ = {
			isa = PBXGroup;
			children = (
				C5C3592829360908000EE401 /* TweetRowView.swift */,
			);
			path = Tweets;
			sourceTree = "<group>";
		};
		C5F0F5B5293627B7001B8ABF /* Notifications */ = {
			isa = PBXGroup;
			children = (
				C5F0F5BD29362844001B8ABF /* NotificationsView.swift */,
			);
			path = Notifications;
			sourceTree = "<group>";
		};
		C5F0F5B7293627BE001B8ABF /* Explore */ = {
			isa = PBXGroup;
			children = (
				C5F0F5BB29362833001B8ABF /* ExploreView.swift */,
			);
			path = Explore;
			sourceTree = "<group>";
		};
		C5F0F5B8293627C0001B8ABF /* Profile */ = {
			isa = PBXGroup;
			children = (
				C5F0F5C129373107001B8ABF /* ViewModels */,
				C5F0F5C229373110001B8ABF /* Views */,
			);
			path = Profile;
			sourceTree = "<group>";
		};
		C5F0F5BA293627F4001B8ABF /* Messages */ = {
			isa = PBXGroup;
			children = (
				C5F0F5BF293628EC001B8ABF /* MessagesView.swift */,
			);
			path = Messages;
			sourceTree = "<group>";
		};
		C5F0F5C129373107001B8ABF /* ViewModels */ = {
			isa = PBXGroup;
			children = (
				C5F0F5C529374E5F001B8ABF /* TweetFilterViewModel.swift */,
			);
			path = ViewModels;
			sourceTree = "<group>";
		};
		C5F0F5C229373110001B8ABF /* Views */ = {
			isa = PBXGroup;
			children = (
				C5F0F5C32937314E001B8ABF /* ProfileView.swift */,
			);
			path = Views;
			sourceTree = "<group>";
		};
/* End PBXGroup section */

/* Begin PBXNativeTarget section */
		C5C3590A293605E5000EE401 /* Twitter-SwiftUI-Firebase */ = {
			isa = PBXNativeTarget;
			buildConfigurationList = C5C35919293605E7000EE401 /* Build configuration list for PBXNativeTarget "Twitter-SwiftUI-Firebase" */;
			buildPhases = (
				C5C35907293605E5000EE401 /* Sources */,
				C5C35908293605E5000EE401 /* Frameworks */,
				C5C35909293605E5000EE401 /* Resources */,
			);
			buildRules = (
			);
			dependencies = (
			);
			name = "Twitter-SwiftUI-Firebase";
			productName = "Twitter-SwiftUI-Firebase";
			productReference = C5C3590B293605E5000EE401 /* Twitter-SwiftUI-Firebase.app */;
			productType = "com.apple.product-type.application";
		};
/* End PBXNativeTarget section */

/* Begin PBXProject section */
		C5C35903293605E5000EE401 /* Project object */ = {
			isa = PBXProject;
			attributes = {
				BuildIndependentTargetsInParallel = 1;
				LastSwiftUpdateCheck = 1340;
				LastUpgradeCheck = 1340;
				TargetAttributes = {
					C5C3590A293605E5000EE401 = {
						CreatedOnToolsVersion = 13.4.1;
					};
				};
			};
			buildConfigurationList = C5C35906293605E5000EE401 /* Build configuration list for PBXProject "Twitter-SwiftUI-Firebase" */;
			compatibilityVersion = "Xcode 13.0";
			developmentRegion = en;
			hasScannedForEncodings = 0;
			knownRegions = (
				en,
				Base,
			);
			mainGroup = C5C35902293605E5000EE401;
			productRefGroup = C5C3590C293605E5000EE401 /* Products */;
			projectDirPath = "";
			projectRoot = "";
			targets = (
				C5C3590A293605E5000EE401 /* Twitter-SwiftUI-Firebase */,
			);
		};
/* End PBXProject section */

/* Begin PBXResourcesBuildPhase section */
		C5C35909293605E5000EE401 /* Resources */ = {
			isa = PBXResourcesBuildPhase;
			buildActionMask = 2147483647;
			files = (
				C5C35916293605E7000EE401 /* Preview Assets.xcassets in Resources */,
				C5C35913293605E7000EE401 /* Assets.xcassets in Resources */,
			);
			runOnlyForDeploymentPostprocessing = 0;
		};
/* End PBXResourcesBuildPhase section */

/* Begin PBXSourcesBuildPhase section */
		C5C35907293605E5000EE401 /* Sources */ = {
			isa = PBXSourcesBuildPhase;
			buildActionMask = 2147483647;
			files = (
				C5F0F5C0293628EC001B8ABF /* MessagesView.swift in Sources */,
				C5F0F5C42937314F001B8ABF /* ProfileView.swift in Sources */,
				C5C35911293605E5000EE401 /* ContentView.swift in Sources */,
				C5F0F5BE29362844001B8ABF /* NotificationsView.swift in Sources */,
				C5F0F5C629374E5F001B8ABF /* TweetFilterViewModel.swift in Sources */,
				C5C3592929360908000EE401 /* TweetRowView.swift in Sources */,
				C5C35926293607B5000EE401 /* FeedView.swift in Sources */,
				C5C3590F293605E5000EE401 /* Twitter_SwiftUI_FirebaseApp.swift in Sources */,
				C5F0F5BC29362833001B8ABF /* ExploreView.swift in Sources */,
				C55911A629362633006587DD /* MainTabView.swift in Sources */,
			);
			runOnlyForDeploymentPostprocessing = 0;
		};
/* End PBXSourcesBuildPhase section */

/* Begin XCBuildConfiguration section */
		C5C35917293605E7000EE401 /* Debug */ = {
			isa = XCBuildConfiguration;
			buildSettings = {
				ALWAYS_SEARCH_USER_PATHS = NO;
				CLANG_ANALYZER_NONNULL = YES;
				CLANG_ANALYZER_NUMBER_OBJECT_CONVERSION = YES_AGGRESSIVE;
				CLANG_CXX_LANGUAGE_STANDARD = "gnu++17";
				CLANG_ENABLE_MODULES = YES;
				CLANG_ENABLE_OBJC_ARC = YES;
				CLANG_ENABLE_OBJC_WEAK = YES;
				CLANG_WARN_BLOCK_CAPTURE_AUTORELEASING = YES;
				CLANG_WARN_BOOL_CONVERSION = YES;
				CLANG_WARN_COMMA = YES;
				CLANG_WARN_CONSTANT_CONVERSION = YES;
				CLANG_WARN_DEPRECATED_OBJC_IMPLEMENTATIONS = YES;
				CLANG_WARN_DIRECT_OBJC_ISA_USAGE = YES_ERROR;
				CLANG_WARN_DOCUMENTATION_COMMENTS = YES;
				CLANG_WARN_EMPTY_BODY = YES;
				CLANG_WARN_ENUM_CONVERSION = YES;
				CLANG_WARN_INFINITE_RECURSION = YES;
				CLANG_WARN_INT_CONVERSION = YES;
				CLANG_WARN_NON_LITERAL_NULL_CONVERSION = YES;
				CLANG_WARN_OBJC_IMPLICIT_RETAIN_SELF = YES;
				CLANG_WARN_OBJC_LITERAL_CONVERSION = YES;
				CLANG_WARN_OBJC_ROOT_CLASS = YES_ERROR;
				CLANG_WARN_QUOTED_INCLUDE_IN_FRAMEWORK_HEADER = YES;
				CLANG_WARN_RANGE_LOOP_ANALYSIS = YES;
				CLANG_WARN_STRICT_PROTOTYPES = YES;
				CLANG_WARN_SUSPICIOUS_MOVE = YES;
				CLANG_WARN_UNGUARDED_AVAILABILITY = YES_AGGRESSIVE;
				CLANG_WARN_UNREACHABLE_CODE = YES;
				CLANG_WARN__DUPLICATE_METHOD_MATCH = YES;
				COPY_PHASE_STRIP = NO;
				DEBUG_INFORMATION_FORMAT = dwarf;
				ENABLE_STRICT_OBJC_MSGSEND = YES;
				ENABLE_TESTABILITY = YES;
				GCC_C_LANGUAGE_STANDARD = gnu11;
				GCC_DYNAMIC_NO_PIC = NO;
				GCC_NO_COMMON_BLOCKS = YES;
				GCC_OPTIMIZATION_LEVEL = 0;
				GCC_PREPROCESSOR_DEFINITIONS = (
					"DEBUG=1",
					"$(inherited)",
				);
				GCC_WARN_64_TO_32_BIT_CONVERSION = YES;
				GCC_WARN_ABOUT_RETURN_TYPE = YES_ERROR;
				GCC_WARN_UNDECLARED_SELECTOR = YES;
				GCC_WARN_UNINITIALIZED_AUTOS = YES_AGGRESSIVE;
				GCC_WARN_UNUSED_FUNCTION = YES;
				GCC_WARN_UNUSED_VARIABLE = YES;
				IPHONEOS_DEPLOYMENT_TARGET = 15.5;
				MTL_ENABLE_DEBUG_INFO = INCLUDE_SOURCE;
				MTL_FAST_MATH = YES;
				ONLY_ACTIVE_ARCH = YES;
				SDKROOT = iphoneos;
				SWIFT_ACTIVE_COMPILATION_CONDITIONS = DEBUG;
				SWIFT_OPTIMIZATION_LEVEL = "-Onone";
			};
			name = Debug;
		};
		C5C35918293605E7000EE401 /* Release */ = {
			isa = XCBuildConfiguration;
			buildSettings = {
				ALWAYS_SEARCH_USER_PATHS = NO;
				CLANG_ANALYZER_NONNULL = YES;
				CLANG_ANALYZER_NUMBER_OBJECT_CONVERSION = YES_AGGRESSIVE;
				CLANG_CXX_LANGUAGE_STANDARD = "gnu++17";
				CLANG_ENABLE_MODULES = YES;
				CLANG_ENABLE_OBJC_ARC = YES;
				CLANG_ENABLE_OBJC_WEAK = YES;
				CLANG_WARN_BLOCK_CAPTURE_AUTORELEASING = YES;
				CLANG_WARN_BOOL_CONVERSION = YES;
				CLANG_WARN_COMMA = YES;
				CLANG_WARN_CONSTANT_CONVERSION = YES;
				CLANG_WARN_DEPRECATED_OBJC_IMPLEMENTATIONS = YES;
				CLANG_WARN_DIRECT_OBJC_ISA_USAGE = YES_ERROR;
				CLANG_WARN_DOCUMENTATION_COMMENTS = YES;
				CLANG_WARN_EMPTY_BODY = YES;
				CLANG_WARN_ENUM_CONVERSION = YES;
				CLANG_WARN_INFINITE_RECURSION = YES;
				CLANG_WARN_INT_CONVERSION = YES;
				CLANG_WARN_NON_LITERAL_NULL_CONVERSION = YES;
				CLANG_WARN_OBJC_IMPLICIT_RETAIN_SELF = YES;
				CLANG_WARN_OBJC_LITERAL_CONVERSION = YES;
				CLANG_WARN_OBJC_ROOT_CLASS = YES_ERROR;
				CLANG_WARN_QUOTED_INCLUDE_IN_FRAMEWORK_HEADER = YES;
				CLANG_WARN_RANGE_LOOP_ANALYSIS = YES;
				CLANG_WARN_STRICT_PROTOTYPES = YES;
				CLANG_WARN_SUSPICIOUS_MOVE = YES;
				CLANG_WARN_UNGUARDED_AVAILABILITY = YES_AGGRESSIVE;
				CLANG_WARN_UNREACHABLE_CODE = YES;
				CLANG_WARN__DUPLICATE_METHOD_MATCH = YES;
				COPY_PHASE_STRIP = NO;
				DEBUG_INFORMATION_FORMAT = "dwarf-with-dsym";
				ENABLE_NS_ASSERTIONS = NO;
				ENABLE_STRICT_OBJC_MSGSEND = YES;
				GCC_C_LANGUAGE_STANDARD = gnu11;
				GCC_NO_COMMON_BLOCKS = YES;
				GCC_WARN_64_TO_32_BIT_CONVERSION = YES;
				GCC_WARN_ABOUT_RETURN_TYPE = YES_ERROR;
				GCC_WARN_UNDECLARED_SELECTOR = YES;
				GCC_WARN_UNINITIALIZED_AUTOS = YES_AGGRESSIVE;
				GCC_WARN_UNUSED_FUNCTION = YES;
				GCC_WARN_UNUSED_VARIABLE = YES;
				IPHONEOS_DEPLOYMENT_TARGET = 15.5;
				MTL_ENABLE_DEBUG_INFO = NO;
				MTL_FAST_MATH = YES;
				SDKROOT = iphoneos;
				SWIFT_COMPILATION_MODE = wholemodule;
				SWIFT_OPTIMIZATION_LEVEL = "-O";
				VALIDATE_PRODUCT = YES;
			};
			name = Release;
		};
		C5C3591A293605E7000EE401 /* Debug */ = {
			isa = XCBuildConfiguration;
			buildSettings = {
				ASSETCATALOG_COMPILER_APPICON_NAME = AppIcon;
				ASSETCATALOG_COMPILER_GLOBAL_ACCENT_COLOR_NAME = AccentColor;
				CODE_SIGN_STYLE = Automatic;
				CURRENT_PROJECT_VERSION = 1;
				DEVELOPMENT_ASSET_PATHS = "\"Twitter-SwiftUI-Firebase/Preview Content\"";
				DEVELOPMENT_TEAM = A9S7ZDQSZC;
				ENABLE_PREVIEWS = YES;
				GENERATE_INFOPLIST_FILE = YES;
				INFOPLIST_KEY_UIApplicationSceneManifest_Generation = YES;
				INFOPLIST_KEY_UIApplicationSupportsIndirectInputEvents = YES;
				INFOPLIST_KEY_UILaunchScreen_Generation = YES;
				INFOPLIST_KEY_UISupportedInterfaceOrientations = UIInterfaceOrientationPortrait;
				INFOPLIST_KEY_UISupportedInterfaceOrientations_iPad = "UIInterfaceOrientationPortrait UIInterfaceOrientationPortraitUpsideDown UIInterfaceOrientationLandscapeLeft UIInterfaceOrientationLandscapeRight";
				INFOPLIST_KEY_UISupportedInterfaceOrientations_iPhone = "UIInterfaceOrientationPortrait UIInterfaceOrientationLandscapeLeft UIInterfaceOrientationLandscapeRight";
				LD_RUNPATH_SEARCH_PATHS = (
					"$(inherited)",
					"@executable_path/Frameworks",
				);
				MARKETING_VERSION = 1.0;
				PRODUCT_BUNDLE_IDENTIFIER = "com.sametkoyuncu.Twitter-SwiftUI-Firebase";
				PRODUCT_NAME = "$(TARGET_NAME)";
				SWIFT_EMIT_LOC_STRINGS = YES;
				SWIFT_VERSION = 5.0;
				TARGETED_DEVICE_FAMILY = "1,2";
			};
			name = Debug;
		};
		C5C3591B293605E7000EE401 /* Release */ = {
			isa = XCBuildConfiguration;
			buildSettings = {
				ASSETCATALOG_COMPILER_APPICON_NAME = AppIcon;
				ASSETCATALOG_COMPILER_GLOBAL_ACCENT_COLOR_NAME = AccentColor;
				CODE_SIGN_STYLE = Automatic;
				CURRENT_PROJECT_VERSION = 1;
				DEVELOPMENT_ASSET_PATHS = "\"Twitter-SwiftUI-Firebase/Preview Content\"";
				DEVELOPMENT_TEAM = A9S7ZDQSZC;
				ENABLE_PREVIEWS = YES;
				GENERATE_INFOPLIST_FILE = YES;
				INFOPLIST_KEY_UIApplicationSceneManifest_Generation = YES;
				INFOPLIST_KEY_UIApplicationSupportsIndirectInputEvents = YES;
				INFOPLIST_KEY_UILaunchScreen_Generation = YES;
				INFOPLIST_KEY_UISupportedInterfaceOrientations = UIInterfaceOrientationPortrait;
				INFOPLIST_KEY_UISupportedInterfaceOrientations_iPad = "UIInterfaceOrientationPortrait UIInterfaceOrientationPortraitUpsideDown UIInterfaceOrientationLandscapeLeft UIInterfaceOrientationLandscapeRight";
				INFOPLIST_KEY_UISupportedInterfaceOrientations_iPhone = "UIInterfaceOrientationPortrait UIInterfaceOrientationLandscapeLeft UIInterfaceOrientationLandscapeRight";
				LD_RUNPATH_SEARCH_PATHS = (
					"$(inherited)",
					"@executable_path/Frameworks",
				);
				MARKETING_VERSION = 1.0;
				PRODUCT_BUNDLE_IDENTIFIER = "com.sametkoyuncu.Twitter-SwiftUI-Firebase";
				PRODUCT_NAME = "$(TARGET_NAME)";
				SWIFT_EMIT_LOC_STRINGS = YES;
				SWIFT_VERSION = 5.0;
				TARGETED_DEVICE_FAMILY = "1,2";
			};
			name = Release;
		};
/* End XCBuildConfiguration section */

/* Begin XCConfigurationList section */
		C5C35906293605E5000EE401 /* Build configuration list for PBXProject "Twitter-SwiftUI-Firebase" */ = {
			isa = XCConfigurationList;
			buildConfigurations = (
				C5C35917293605E7000EE401 /* Debug */,
				C5C35918293605E7000EE401 /* Release */,
			);
			defaultConfigurationIsVisible = 0;
			defaultConfigurationName = Release;
		};
		C5C35919293605E7000EE401 /* Build configuration list for PBXNativeTarget "Twitter-SwiftUI-Firebase" */ = {
			isa = XCConfigurationList;
			buildConfigurations = (
				C5C3591A293605E7000EE401 /* Debug */,
				C5C3591B293605E7000EE401 /* Release */,
			);
			defaultConfigurationIsVisible = 0;
			defaultConfigurationName = Release;
		};
/* End XCConfigurationList section */
	};
	rootObject = C5C35903293605E5000EE401 /* Project object */;
}
